lockfile_version: '1'
generated_at: '2026-05-20T07:59:45.921407+00:00'
apm_version: 0.14.0
dependencies:
- repo_url: github/awesome-copilot
  host: github.com
  resolved_commit: 18fc8fd6a901f98ea72697f3744bac65cf822549
  virtual_path: instructions/agent-skills.instructions.md
  is_virtual: true
  deployed_files:
  - .claude/rules/agent-skills.md
  - .github/instructions/agent-skills.instructions.md
  deployed_file_hashes:
    .claude/rules/agent-skills.md: sha256:ab8d8a650e9d403e5d9089a60f45ffb7218c181588b960b4556a3d68e7ffdb4d
    .github/instructions/agent-skills.instructions.md: sha256:4ec02159b0f335f0ce2362cd366aca67743fd0bec9148e240b1a7a19ec2eaadb
  content_hash: sha256:0fb0e668bde07cc164c89e09aadb04cf2e914b9cdf1c82e9182d49c41fd9e200
- repo_url: github/awesome-copilot
  host: github.com
  resolved_commit: 18fc8fd6a901f98ea72697f3744bac65cf822549
  virtual_path: instructions/agents.instructions.md
  is_virtual: true
  deployed_files:
  - .claude/rules/agents.md
  - .github/instructions/agents.instructions.md
  deployed_file_hashes:
    .claude/rules/agents.md: sha256:276a2e11ea2fbaee77d931bb22257bf1d4a86a215c73e30fd8f5161da33fa26c
    .github/instructions/agents.instructions.md: sha256:05ca77656669d76091460783bf8e82bcd0ec91e9d27f6d2dab570a66e170380d
  content_hash: sha256:097d9cecd575b13da536332fce5308d8f62e2b5b7a1a1e8f93c433979202ef0c
- repo_url: github/awesome-copilot
  host: github.com
  resolved_commit: 18fc8fd6a901f98ea72697f3744bac65cf822549
  virtual_path: instructions/code-review-generic.instructions.md
  is_virtual: true
  deployed_files:
  - .claude/rules/code-review-generic.md
  - .github/instructions/code-review-generic.instructions.md
  deployed_file_hashes:
    .claude/rules/code-review-generic.md: sha256:a268d8525c641834e8b1eca79f4549a3b1e0c50d4cddce9bf909c021c32b2d86
    .github/instructions/code-review-generic.instructions.md: sha256:e6917309e3e986cde1650768cc871f54e5d054e90c4518afb5c937941ee212a9
  content_hash: sha256:afd1484a4f85894e72e2608d36a1ea4b05a1c1fac3a876564eafa0c6cce66034
- repo_url: github/awesome-copilot
  host: github.com
  resolved_commit: 18fc8fd6a901f98ea72697f3744bac65cf822549
  virtual_path: instructions/instructions.instructions.md
  is_virtual: true
  deployed_files:
  - .claude/rules/instructions.md
  - .github/instructions/instructions.instructions.md
  deployed_file_hashes:
    .claude/rules/instructions.md: sha256:401eaeb599da7006067ae2c3a7cbce281ea8f780d7dff341c54b86ba1a6c5e9c
    .github/instructions/instructions.instructions.md: sha256:a38e647c44a1b3702cea44569ddb4cb3f3b53a78d08f7f457d14c12e9e65eaba
  content_hash: sha256:baa92bcb8cb2bdb992d5827fa92e424b6b92ae00ca9028b77ff2eb1745f45317
- repo_url: github/awesome-copilot
  host: github.com
  resolved_commit: 18fc8fd6a901f98ea72697f3744bac65cf822549
  virtual_path: instructions/prompt.instructions.md
  is_virtual: true
  deployed_files:
  - .claude/rules/prompt.md
  - .github/instructions/prompt.instructions.md
  deployed_file_hashes:
    .claude/rules/prompt.md: sha256:ee1cc7ba5bc8a6a0cfa2ec64e8a98d5151ae34d3c35e1fc37bc38b566b9e88a7
    .github/instructions/prompt.instructions.md: sha256:3ec80d94465a9a6f67ef3973c13956f81b385fa86d599f7c27196c49c3f4f07b
  content_hash: sha256:41d3a1666bfe3eb844121d5514fd8f12ec0335410d8f7be07f9f5a7fa4858ccb
- repo_url: multica-ai/andrej-karpathy-skills
  host: github.com
  resolved_commit: 2c606141936f1eeef17fa3043a72095b4765b9c2
  virtual_path: skills/karpathy-guidelines
  is_virtual: true
  package_type: claude_skill
  deployed_files:
  - .agents/skills/karpathy-guidelines
  - .claude/skills/karpathy-guidelines
  content_hash: sha256:41e8ca055bbde13d240776a14a076a59614057200340c243130a76ba4e64cac8
